
Microsoft Visual Studio Solution File, Format Version 12.00
# Visual Studio Version 17
VisualStudioVersion = 17.12.35521.163 d17.12
MinimumVisualStudioVersion = 10.0.40219.1
Project("{FAE04EC0-301F-11D3-BF4B-00C04F79EFBC}") = "Mnogougolniki", "Mnogougolniki\Mnogougolniki.csproj", "{7B6A7A0C-6B53-49B2-8730-E16D023E60BA}"
EndProject
Project("{FAE04EC0-301F-11D3-BF4B-00C04F79EFBC}") = "Mnogougolniki.Desktop", "Mnogougolniki.Desktop\Mnogougolniki.Desktop.csproj", "{DDF9DAD7-988C-4D20-960B-541301DFCCBB}"
EndProject
Global
	GlobalSection(SolutionConfigurationPlatforms) = preSolution
		Debug|Any CPU = Debug|Any CPU
		Release|Any CPU = Release|Any CPU
	EndGlobalSection
	GlobalSection(ProjectConfigurationPlatforms) = postSolution
		{7B6A7A0C-6B53-49B2-8730-E16D023E60BA}.Debug|Any CPU.ActiveCfg = Debug|Any CPU
		{7B6A7A0C-6B53-49B2-8730-E16D023E60BA}.Debug|Any CPU.Build.0 = Debug|Any CPU
		{7B6A7A0C-6B53-49B2-8730-E16D023E60BA}.Release|Any CPU.ActiveCfg = Release|Any CPU
		{7B6A7A0C-6B53-49B2-8730-E16D023E60BA}.Release|Any CPU.Build.0 = Release|Any CPU
		{DDF9DAD7-988C-4D20-960B-541301DFCCBB}.Debug|Any CPU.ActiveCfg = Debug|Any CPU
		{DDF9DAD7-988C-4D20-960B-541301DFCCBB}.Debug|Any CPU.Build.0 = Debug|Any CPU
		{DDF9DAD7-988C-4D20-960B-541301DFCCBB}.Release|Any CPU.ActiveCfg = Release|Any CPU
		{DDF9DAD7-988C-4D20-960B-541301DFCCBB}.Release|Any CPU.Build.0 = Release|Any CPU
	EndGlobalSection
	GlobalSection(SolutionProperties) = preSolution
		HideSolutionNode = FALSE
	EndGlobalSection
EndGlobal
